<?xml version="1.0" encoding="utf-8"?>
<Project ToolsVersion="4.0" xmlns="http://schemas.microsoft.com/developer/msbuild/2003">
  <ItemGroup>
    <Filter Include="Source Files">
      <UniqueIdentifier>{4FC737F1-C7A5-4376-A066-2A32D752A2FF}</UniqueIdentifier>
      <Extensions>cpp;c;cc;cxx;def;odl;idl;hpj;bat;asm;asmx</Extensions>
    </Filter>
    <Filter Include="Header Files">
      <UniqueIdentifier>{93995380-89BD-4b04-88EB-625FBE52EBFB}</UniqueIdentifier>
      <Extensions>h;hh;hpp;hxx;hm;inl;inc;xsd</Extensions>
    </Filter>
    <Filter Include="Resource Files">
      <UniqueIdentifier>{67DA6AB6-F800-4c08-8B7A-83BB121AAD01}</UniqueIdentifier>
      <Extensions>rc;ico;cur;bmp;dlg;rc2;rct;bin;rgs;gif;jpg;jpeg;jpe;resx;tiff;tif;png;wav;mfcribbon-ms</Extensions>
    </Filter>
    <Filter Include="mod-loader-common">
      <UniqueIdentifier>{b856dcfe-6c80-4efa-a420-b0a11d17a25c}</UniqueIdentifier>
    </Filter>
    <Filter Include="libmodutils">
      <UniqueIdentifier>{195f6f50-6683-4783-9972-5958aa6904fc}</UniqueIdentifier>
    </Filter>
  </ItemGroup>
  <ItemGroup>
    <ClInclude Include="stdafx.h">
      <Filter>Header Files</Filter>
    </ClInclude>
    <ClInclude Include="PlaySegaSonicTeamVoice.h">
      <Filter>Header Files</Filter>
    </ClInclude>
    <ClInclude Include="ItemBox.h">
      <Filter>Header Files</Filter>
    </ClInclude>
    <ClInclude Include="Barrel.h">
      <Filter>Header Files</Filter>
    </ClInclude>
    <ClInclude Include="OFinalEggModel.h">
      <Filter>Header Files</Filter>
    </ClInclude>
    <ClInclude Include="PerfectChaosFixes.h">
      <Filter>Header Files</Filter>
    </ClInclude>
    <ClInclude Include="HotShelterWaterfallFix.h">
      <Filter>Header Files</Filter>
    </ClInclude>
    <ClInclude Include="..\sadx-mod-loader\mod-loader-common\ModLoaderCommon\IniFile.hpp">
      <Filter>mod-loader-common</Filter>
    </ClInclude>
    <ClInclude Include="..\sadx-mod-loader\mod-loader-common\ModLoaderCommon\TextConv.hpp">
      <Filter>mod-loader-common</Filter>
    </ClInclude>
    <ClInclude Include="..\sadx-mod-loader\libmodutils\Trampoline.h">
      <Filter>libmodutils</Filter>
    </ClInclude>
    <ClInclude Include="StretchyFeet.h">
      <Filter>Header Files</Filter>
    </ClInclude>
    <ClInclude Include="DataPointers.h">
      <Filter>Header Files</Filter>
    </ClInclude>
    <ClInclude Include="OFinalEgg.h">
      <Filter>Header Files</Filter>
    </ClInclude>
  </ItemGroup>
  <ItemGroup>
    <ClCompile Include="stdafx.cpp">
      <Filter>Source Files</Filter>
    </ClCompile>
    <ClCompile Include="mod.cpp">
      <Filter>Source Files</Filter>
    </ClCompile>
    <ClCompile Include="PlaySegaSonicTeamVoice.cpp">
      <Filter>Source Files</Filter>
    </ClCompile>
    <ClCompile Include="ItemBox.cpp">
      <Filter>Source Files</Filter>
    </ClCompile>
    <ClCompile Include="PerfectChaosFixes.cpp">
      <Filter>Source Files</Filter>
    </ClCompile>
    <ClCompile Include="..\sadx-mod-loader\mod-loader-common\ModLoaderCommon\IniFile.cpp">
      <Filter>mod-loader-common</Filter>
    </ClCompile>
    <ClCompile Include="..\sadx-mod-loader\mod-loader-common\ModLoaderCommon\TextConv.cpp">
      <Filter>mod-loader-common</Filter>
    </ClCompile>
    <ClCompile Include="..\sadx-mod-loader\libmodutils\Trampoline.cpp">
      <Filter>libmodutils</Filter>
    </ClCompile>
    <ClCompile Include="StretchyFeet.cpp">
      <Filter>Source Files</Filter>
    </ClCompile>
    <ClCompile Include="OFinalEgg.cpp">
      <Filter>Source Files</Filter>
    </ClCompile>
  </ItemGroup>
  <ItemGroup>
    <None Include="mod.ini">
      <Filter>Resource Files</Filter>
    </None>
  </ItemGroup>
  <ItemGroup>
    <Xml Include="configschema.xml">
      <Filter>Resource Files</Filter>
    </Xml>
  </ItemGroup>
</Project>